// !$*UTF8*$!
{
	archiveVersion = 1;
	classes = {
	};
	objectVersion = 46;
	objects = {

/* Begin PBXBuildFile section */
		C8F1CDE91DB13D9E00028C18 /* AppDelegate.swift in Sources */ = {isa = PBXBuildFile; fileRef = C8F1CDE81DB13D9E00028C18 /* AppDelegate.swift */; };
		C8F1CDEB1DB13D9E00028C18 /* ViewController.swift in Sources */ = {isa = PBXBuildFile; fileRef = C8F1CDEA1DB13D9E00028C18 /* ViewController.swift */; };
		C8F1CDEE1DB13D9E00028C18 /* Main.storyboard in Resources */ = {isa = PBXBuildFile; fileRef = C8F1CDEC1DB13D9E00028C18 /* Main.storyboard */; };
		C8F1CDF11DB13D9E00028C18 /* Test4411.xcdatamodeld in Sources */ = {isa = PBXBuildFile; fileRef = C8F1CDEF1DB13D9E00028C18 /* Test4411.xcdatamodeld */; };
		C8F1CDF31DB13D9E00028C18 /* Assets.xcassets in Resources */ = {isa = PBXBuildFile; fileRef = C8F1CDF21DB13D9E00028C18 /* Assets.xcassets */; };
		C8F1CDF61DB13D9E00028C18 /* LaunchScreen.storyboard in Resources */ = {isa = PBXBuildFile; fileRef = C8F1CDF41DB13D9E00028C18 /* LaunchScreen.storyboard */; };
/* End PBXBuildFile section */

/* Begin PBXFileReference section */
		C8F1CDE51DB13D9E00028C18 /* Test4411.app */ = {isa = PBXFileReference; explicitFileType = wrapper.application; includeInIndex = 0; path = Test4411.app; sourceTree = BUILT_PRODUCTS_DIR; };
		C8F1CDE81DB13D9E00028C18 /* AppDelegate.swift */ = {isa = PBXFileReference; lastKnownFileType = sourcecode.swift; path = AppDelegate.swift; sourceTree = "<group>"; };
		C8F1CDEA1DB13D9E00028C18 /* ViewController.swift */ = {isa = PBXFileReference; lastKnownFileType = sourcecode.swift; path = ViewController.swift; sourceTree = "<group>"; };
		C8F1CDED1DB13D9E00028C18 /* Base */ = {isa = PBXFileReference; lastKnownFileType = file.storyboard; name = Base; path = Base.lproj/Main.storyboard; sourceTree = "<group>"; };
		C8F1CDF01DB13D9E00028C18 /* Test4411.xcdatamodel */ = {isa = PBXFileReference; lastKnownFileType = wrapper.xcdatamodel; path = Test4411.xcdatamodel; sourceTree = "<group>"; };
		C8F1CDF21DB13D9E00028C18 /* Assets.xcassets */ = {isa = PBXFileReference; lastKnownFileType = folder.assetcatalog; path = Assets.xcassets; sourceTree = "<group>"; };
		C8F1CDF51DB13D9E00028C18 /* Base */ = {isa = PBXFileReference; lastKnownFileType = file.storyboard; name = Base; path = Base.lproj/LaunchScreen.storyboard; sourceTree = "<group>"; };
		C8F1CDF71DB13D9E00028C18 /* Info.plist */ = {isa = PBXFileReference; lastKnownFileType = text.plist.xml; path = Info.plist; sourceTree = "<group>"; };
/* End PBXFileReference section */

/* Begin PBXFrameworksBuildPhase section */
		C8F1CDE21DB13D9E00028C18 /* Frameworks */ = {
			isa = PBXFrameworksBuildPhase;
			buildActionMask = 2147483647;
			files = (
			);
			runOnlyForDeploymentPostprocessing = 0;
		};
/* End PBXFrameworksBuildPhase section */

/* Begin PBXGroup section */
		C8F1CDDC1DB13D9E00028C18 = {
			isa = PBXGroup;
			children = (
				C8F1CDE71DB13D9E00028C18 /* Test4411 */,
				C8F1CDE61DB13D9E00028C18 /* Products */,
			);
			sourceTree = "<group>";
		};
		C8F1CDE61DB13D9E00028C18 /* Products */ = {
			isa = PBXGroup;
			children = (
				C8F1CDE51DB13D9E00028C18 /* Test4411.app */,
			);
			name = Products;
			sourceTree = "<group>";
		};
		C8F1CDE71DB13D9E00028C18 /* Test4411 */ = {
			isa = PBXGroup;
			children = (
				C8F1CDE81DB13D9E00028C18 /* AppDelegate.swift */,
				C8F1CDEA1DB13D9E00028C18 /* ViewController.swift */,
				C8F1CDEC1DB13D9E00028C18 /* Main.storyboard */,
				C8F1CDF21DB13D9E00028C18 /* Assets.xcassets */,
				C8F1CDF41DB13D9E00028C18 /* LaunchScreen.storyboard */,
				C8F1CDF71DB13D9E00028C18 /* Info.plist */,
				C8F1CDEF1DB13D9E00028C18 /* Test4411.xcdatamodeld */,
			);
			path = Test4411;
			sourceTree = "<group>";
		};
/* End PBXGroup section */

/* Begin PBXNativeTarget section */
		C8F1CDE41DB13D9E00028C18 /* Test4411 */ = {
			isa = PBXNativeTarget;
			buildConfigurationList = C8F1CDFA1DB13D9E00028C18 /* Build configuration list for PBXNativeTarget "Test4411" */;
			buildPhases = (
				C8F1CDE11DB13D9E00028C18 /* Sources */,
				C8F1CDE21DB13D9E00028C18 /* Frameworks */,
				C8F1CDE31DB13D9E00028C18 /* Resources */,
			);
			buildRules = (
			);
			dependencies = (
			);
			name = Test4411;
			productName = Test4411;
			productReference = C8F1CDE51DB13D9E00028C18 /* Test4411.app */;
			productType = "com.apple.product-type.application";
		};
/* End PBXNativeTarget section */

/* Begin PBXProject section */
		C8F1CDDD1DB13D9E00028C18 /* Project object */ = {
			isa = PBXProject;
			attributes = {
				LastSwiftUpdateCheck = 0800;
				LastUpgradeCheck = 0800;
				ORGANIZATIONNAME = Jo;
				TargetAttributes = {
					C8F1CDE41DB13D9E00028C18 = {
						CreatedOnToolsVersion = 8.0;
						DevelopmentTeam = XU657U5SF3;
						ProvisioningStyle = Automatic;
					};
				};
			};
			buildConfigurationList = C8F1CDE01DB13D9E00028C18 /* Build configuration list for PBXProject "Test4411" */;
			compatibilityVersion = "Xcode 3.2";
			developmentRegion = English;
			hasScannedForEncodings = 0;
			knownRegions = (
				en,
				Base,
			);
			mainGroup = C8F1CDDC1DB13D9E00028C18;
			productRefGroup = C8F1CDE61DB13D9E00028C18 /* Products */;
			projectDirPath = "";
			projectRoot = "";
			targets = (
				C8F1CDE41DB13D9E00028C18 /* Test4411 */,
			);
		};
/* End PBXProject section */

/* Begin PBXResourcesBuildPhase section */
		C8F1CDE31DB13D9E00028C18 /* Resources */ = {
			isa = PBXResourcesBuildPhase;
			buildActionMask = 2147483647;
			files = (
				C8F1CDF61DB13D9E00028C18 /* LaunchScreen.storyboard in Resources */,
				C8F1CDF31DB13D9E00028C18 /* Assets.xcassets in Resources */,
				C8F1CDEE1DB13D9E00028C18 /* Main.storyboard in Resources */,
			);
			runOnlyForDeploymentPostprocessing = 0;
		};
/* End PBXResourcesBuildPhase section */

/* Begin PBXSourcesBuildPhase section */
		C8F1CDE11DB13D9E00028C18 /* Sources */ = {
			isa = PBXSourcesBuildPhase;
			buildActionMask = 2147483647;
			files = (
				C8F1CDF11DB13D9E00028C18 /* Test4411.xcdatamodeld in Sources */,
				C8F1CDEB1DB13D9E00028C18 /* ViewController.swift in Sources */,
				C8F1CDE91DB13D9E00028C18 /* AppDelegate.swift in Sources */,
			);
			runOnlyForDeploymentPostprocessing = 0;
		};
/* End PBXSourcesBuildPhase section */

/* Begin PBXVariantGroup section */
		C8F1CDEC1DB13D9E00028C18 /* Main.storyboard */ = {
			isa = PBXVariantGroup;
			children = (
				C8F1CDED1DB13D9E00028C18 /* Base */,
			);
			name = Main.storyboard;
			sourceTree = "<group>";
		};
		C8F1CDF41DB13D9E00028C18 /* LaunchScreen.storyboard */ = {
			isa = PBXVariantGroup;
			children = (
				C8F1CDF51DB13D9E00028C18 /* Base */,
			);
			name = LaunchScreen.storyboard;
			sourceTree = "<group>";
		};
/* End PBXVariantGroup section */

/* Begin XCBuildConfiguration section */
		C8F1CDF81DB13D9E00028C18 /* Debug */ = {
			isa = XCBuildConfiguration;
			buildSettings = {
				ALWAYS_SEARCH_USER_PATHS = NO;
				CLANG_ANALYZER_NONNULL = YES;
				CLANG_CXX_LANGUAGE_STANDARD = "gnu++0x";
				CLANG_CXX_LIBRARY = "libc++";
				CLANG_ENABLE_MODULES = YES;
				CLANG_ENABLE_OBJC_ARC = YES;
				CLANG_WARN_BOOL_CONVERSION = YES;
				CLANG_WARN_CONSTANT_CONVERSION = YES;
				CLANG_WARN_DIRECT_OBJC_ISA_USAGE = YES_ERROR;
				CLANG_WARN_DOCUMENTATION_COMMENTS = YES;
				CLANG_WARN_EMPTY_BODY = YES;
				CLANG_WARN_ENUM_CONVERSION = YES;
				CLANG_WARN_INFINITE_RECURSION = YES;
				CLANG_WARN_INT_CONVERSION = YES;
				CLANG_WARN_OBJC_ROOT_CLASS = YES_ERROR;
				CLANG_WARN_SUSPICIOUS_MOVES = YES;
				CLANG_WARN_UNREACHABLE_CODE = YES;
				CLANG_WARN__DUPLICATE_METHOD_MATCH = YES;
				"CODE_SIGN_IDENTITY[sdk=iphoneos*]" = "iPhone Developer";
				COPY_PHASE_STRIP = NO;
				DEBUG_INFORMATION_FORMAT = dwarf;
				ENABLE_STRICT_OBJC_MSGSEND = YES;
				ENABLE_TESTABILITY = YES;
				GCC_C_LANGUAGE_STANDARD = gnu99;
				GCC_DYNAMIC_NO_PIC = NO;
				GCC_NO_COMMON_BLOCKS = YES;
				GCC_OPTIMIZATION_LEVEL = 0;
				GCC_PREPROCESSOR_DEFINITIONS = (
					"DEBUG=1",
					"$(inherited)",
				);
				GCC_WARN_64_TO_32_BIT_CONVERSION = YES;
				GCC_WARN_ABOUT_RETURN_TYPE = YES_ERROR;
				GCC_WARN_UNDECLARED_SELECTOR = YES;
				GCC_WARN_UNINITIALIZED_AUTOS = YES_AGGRESSIVE;
				GCC_WARN_UNUSED_FUNCTION = YES;
				GCC_WARN_UNUSED_VARIABLE = YES;
				IPHONEOS_DEPLOYMENT_TARGET = 10.0;
				MTL_ENABLE_DEBUG_INFO = YES;
				ONLY_ACTIVE_ARCH = YES;
				SDKROOT = iphoneos;
				SWIFT_ACTIVE_COMPILATION_CONDITIONS = DEBUG;
				SWIFT_OPTIMIZATION_LEVEL = "-Onone";
			};
			name = Debug;
		};
		C8F1CDF91DB13D9E00028C18 /* Release */ = {
			isa = XCBuildConfiguration;
			buildSettings = {
				ALWAYS_SEARCH_USER_PATHS = NO;
				CLANG_ANALYZER_NONNULL = YES;
				CLANG_CXX_LANGUAGE_STANDARD = "gnu++0x";
				CLANG_CXX_LIBRARY = "libc++";
				CLANG_ENABLE_MODULES = YES;
				CLANG_ENABLE_OBJC_ARC = YES;
				CLANG_WARN_BOOL_CONVERSION = YES;
				CLANG_WARN_CONSTANT_CONVERSION = YES;
				CLANG_WARN_DIRECT_OBJC_ISA_USAGE = YES_ERROR;
				CLANG_WARN_DOCUMENTATION_COMMENTS = YES;
				CLANG_WARN_EMPTY_BODY = YES;
				CLANG_WARN_ENUM_CONVERSION = YES;
				CLANG_WARN_INFINITE_RECURSION = YES;
				CLANG_WARN_INT_CONVERSION = YES;
				CLANG_WARN_OBJC_ROOT_CLASS = YES_ERROR;
				CLANG_WARN_SUSPICIOUS_MOVES = YES;
				CLANG_WARN_UNREACHABLE_CODE = YES;
				CLANG_WARN__DUPLICATE_METHOD_MATCH = YES;
				"CODE_SIGN_IDENTITY[sdk=iphoneos*]" = "iPhone Developer";
				COPY_PHASE_STRIP = NO;
				DEBUG_INFORMATION_FORMAT = "dwarf-with-dsym";
				ENABLE_NS_ASSERTIONS = NO;
				ENABLE_STRICT_OBJC_MSGSEND = YES;
				GCC_C_LANGUAGE_STANDARD = gnu99;
				GCC_NO_COMMON_BLOCKS = YES;
				GCC_WARN_64_TO_32_BIT_CONVERSION = YES;
				GCC_WARN_ABOUT_RETURN_TYPE = YES_ERROR;
				GCC_WARN_UNDECLARED_SELECTOR = YES;
				GCC_WARN_UNINITIALIZED_AUTOS = YES_AGGRESSIVE;
				GCC_WARN_UNUSED_FUNCTION = YES;
				GCC_WARN_UNUSED_VARIABLE = YES;
				IPHONEOS_DEPLOYMENT_TARGET = 10.0;
				MTL_ENABLE_DEBUG_INFO = NO;
				SDKROOT = iphoneos;
				SWIFT_OPTIMIZATION_LEVEL = "-Owholemodule";
				VALIDATE_PRODUCT = YES;
			};
			name = Release;
		};
		C8F1CDFB1DB13D9E00028C18 /* Debug */ = {
			isa = XCBuildConfiguration;
			buildSettings = {
				ASSETCATALOG_COMPILER_APPICON_NAME = AppIcon;
				DEVELOPMENT_TEAM = XU657U5SF3;
				INFOPLIST_FILE = Test4411/Info.plist;
				LD_RUNPATH_SEARCH_PATHS = "$(inherited) @executable_path/Frameworks";
				PRODUCT_BUNDLE_IDENTIFIER = com.jo.Test4411;
				PRODUCT_NAME = "$(TARGET_NAME)";
				SWIFT_VERSION = 3.0;
			};
			name = Debug;
		};
		C8F1CDFC1DB13D9E00028C18 /* Release */ = {
			isa = XCBuildConfiguration;
			buildSettings = {
				ASSETCATALOG_COMPILER_APPICON_NAME = AppIcon;
				DEVELOPMENT_TEAM = XU657U5SF3;
				INFOPLIST_FILE = Test4411/Info.plist;
				LD_RUNPATH_SEARCH_PATHS = "$(inherited) @executable_path/Frameworks";
				PRODUCT_BUNDLE_IDENTIFIER = com.jo.Test4411;
				PRODUCT_NAME = "$(TARGET_NAME)";
				SWIFT_VERSION = 3.0;
			};
			name = Release;
		};
/* End XCBuildConfiguration section */

/* Begin XCConfigurationList section */
		C8F1CDE01DB13D9E00028C18 /* Build configuration list for PBXProject "Test4411" */ = {
			isa = XCConfigurationList;
			buildConfigurations = (
				C8F1CDF81DB13D9E00028C18 /* Debug */,
				C8F1CDF91DB13D9E00028C18 /* Release */,
			);
			defaultConfigurationIsVisible = 0;
			defaultConfigurationName = Release;
		};
		C8F1CDFA1DB13D9E00028C18 /* Build configuration list for PBXNativeTarget "Test4411" */ = {
			isa = XCConfigurationList;
			buildConfigurations = (
				C8F1CDFB1DB13D9E00028C18 /* Debug */,
				C8F1CDFC1DB13D9E00028C18 /* Release */,
			);
			defaultConfigurationIsVisible = 0;
		};
/* End XCConfigurationList section */

/* Begin XCVersionGroup section */
		C8F1CDEF1DB13D9E00028C18 /* Test4411.xcdatamodeld */ = {
			isa = XCVersionGroup;
			children = (
				C8F1CDF01DB13D9E00028C18 /* Test4411.xcdatamodel */,
			);
			currentVersion = C8F1CDF01DB13D9E00028C18 /* Test4411.xcdatamodel */;
			path = Test4411.xcdatamodeld;
			sourceTree = "<group>";
			versionGroupType = wrapper.xcdatamodel;
		};
/* End XCVersionGroup section */
	};
	rootObject = C8F1CDDD1DB13D9E00028C18 /* Project object */;
}
